
Microsoft Visual Studio Solution File, Format Version 12.00
# Visual Studio Version 16
VisualStudioVersion = 16.0.31613.86
MinimumVisualStudioVersion = 10.0.40219.1
Project("{FAE04EC0-301F-11D3-BF4B-00C04F79EFBC}") = "AgenciaBancaria.dominio", "AgenciaBancaria.dominio\AgenciaBancaria.dominio.csproj", "{C97A933A-C4AC-4D29-8114-1A06F03D6A2D}"
EndProject
Project("{FAE04EC0-301F-11D3-BF4B-00C04F79EFBC}") = "AgenciaBancaria.app", "AgenciaBancaria.app\AgenciaBancaria.app.csproj", "{C9624627-0DE8-4109-81C7-57EE16A28360}"
EndProject
Global
	GlobalSection(SolutionConfigurationPlatforms) = preSolution
		Debug|Any CPU = Debug|Any CPU
		Release|Any CPU = Release|Any CPU
	EndGlobalSection
	GlobalSection(ProjectConfigurationPlatforms) = postSolution
		{C97A933A-C4AC-4D29-8114-1A06F03D6A2D}.Debug|Any CPU.ActiveCfg = Debug|Any CPU
		{C97A933A-C4AC-4D29-8114-1A06F03D6A2D}.Debug|Any CPU.Build.0 = Debug|Any CPU
		{C97A933A-C4AC-4D29-8114-1A06F03D6A2D}.Release|Any CPU.ActiveCfg = Release|Any CPU
		{C97A933A-C4AC-4D29-8114-1A06F03D6A2D}.Release|Any CPU.Build.0 = Release|Any CPU
		{C9624627-0DE8-4109-81C7-57EE16A28360}.Debug|Any CPU.ActiveCfg = Debug|Any CPU
		{C9624627-0DE8-4109-81C7-57EE16A28360}.Debug|Any CPU.Build.0 = Debug|Any CPU
		{C9624627-0DE8-4109-81C7-57EE16A28360}.Release|Any CPU.ActiveCfg = Release|Any CPU
		{C9624627-0DE8-4109-81C7-57EE16A28360}.Release|Any CPU.Build.0 = Release|Any CPU
	EndGlobalSection
	GlobalSection(SolutionProperties) = preSolution
		HideSolutionNode = FALSE
	EndGlobalSection
	GlobalSection(ExtensibilityGlobals) = postSolution
		SolutionGuid = {21F180FE-B032-4DE9-B0E5-1FECECA5BB35}
	EndGlobalSection
EndGlobal
